
Microsoft Visual Studio Solution File, Format Version 12.00
# Visual Studio Version 17
VisualStudioVersion = 17.4.33122.133
MinimumVisualStudioVersion = 10.0.40219.1
Project("{FAE04EC0-301F-11D3-BF4B-00C04F79EFBC}") = "MVC004", "MVC004\MVC004.csproj", "{84BE3315-6C21-4DA2-B696-38304EB6BCCF}"
EndProject
Global
	GlobalSection(SolutionConfigurationPlatforms) = preSolution
		Debug|Any CPU = Debug|Any CPU
		Release|Any CPU = Release|Any CPU
	EndGlobalSection
	GlobalSection(ProjectConfigurationPlatforms) = postSolution
		{84BE3315-6C21-4DA2-B696-38304EB6BCCF}.Debug|Any CPU.ActiveCfg = Debug|Any CPU
		{84BE3315-6C21-4DA2-B696-38304EB6BCCF}.Debug|Any CPU.Build.0 = Debug|Any CPU
		{84BE3315-6C21-4DA2-B696-38304EB6BCCF}.Release|Any CPU.ActiveCfg = Release|Any CPU
		{84BE3315-6C21-4DA2-B696-38304EB6BCCF}.Release|Any CPU.Build.0 = Release|Any CPU
	EndGlobalSection
	GlobalSection(SolutionProperties) = preSolution
		HideSolutionNode = FALSE
	EndGlobalSection
	GlobalSection(ExtensibilityGlobals) = postSolution
		SolutionGuid = {56049D80-2078-4F0B-B1E0-C480B524484C}
	EndGlobalSection
EndGlobal
